
Microsoft Visual Studio Solution File, Format Version 12.00
# Visual Studio Version 17
VisualStudioVersion = 17.11.35312.102
MinimumVisualStudioVersion = 10.0.40219.1
Project("{FAE04EC0-301F-11D3-BF4B-00C04F79EFBC}") = "custom_weather", "custom_weather.csproj", "{E361FE9C-2283-4A20-8677-09D8ACCA8CA3}"
EndProject
Global
	GlobalSection(SolutionConfigurationPlatforms) = preSolution
		Debug|Any CPU = Debug|Any CPU
		Release|Any CPU = Release|Any CPU
	EndGlobalSection
	GlobalSection(ProjectConfigurationPlatforms) = postSolution
		{E361FE9C-2283-4A20-8677-09D8ACCA8CA3}.Debug|Any CPU.ActiveCfg = Debug|Any CPU
		{E361FE9C-2283-4A20-8677-09D8ACCA8CA3}.Debug|Any CPU.Build.0 = Debug|Any CPU
		{E361FE9C-2283-4A20-8677-09D8ACCA8CA3}.Release|Any CPU.ActiveCfg = Release|Any CPU
		{E361FE9C-2283-4A20-8677-09D8ACCA8CA3}.Release|Any CPU.Build.0 = Release|Any CPU
	EndGlobalSection
	GlobalSection(SolutionProperties) = preSolution
		HideSolutionNode = FALSE
	EndGlobalSection
	GlobalSection(ExtensibilityGlobals) = postSolution
		SolutionGuid = {5D75D5B1-B93F-418D-96D5-2CD5CD418448}
	EndGlobalSection
EndGlobal
